
Microsoft Visual Studio Solution File, Format Version 12.00
# Visual Studio 15
VisualStudioVersion = 15.0.28307.1022
MinimumVisualStudioVersion = 10.0.40219.1
Project("{FAE04EC0-301F-11D3-BF4B-00C04F79EFBC}") = "WordExport", "WordExport\WordExport.csproj", "{ED528205-C079-454D-8285-BE87BEB6348A}"
EndProject
Global
	GlobalSection(SolutionConfigurationPlatforms) = preSolution
		Debug|Any CPU = Debug|Any CPU
		Release|Any CPU = Release|Any CPU
	EndGlobalSection
	GlobalSection(ProjectConfigurationPlatforms) = postSolution
		{ED528205-C079-454D-8285-BE87BEB6348A}.Debug|Any CPU.ActiveCfg = Debug|Any CPU
		{ED528205-C079-454D-8285-BE87BEB6348A}.Debug|Any CPU.Build.0 = Debug|Any CPU
		{ED528205-C079-454D-8285-BE87BEB6348A}.Release|Any CPU.ActiveCfg = Release|Any CPU
		{ED528205-C079-454D-8285-BE87BEB6348A}.Release|Any CPU.Build.0 = Release|Any CPU
	EndGlobalSection
	GlobalSection(SolutionProperties) = preSolution
		HideSolutionNode = FALSE
	EndGlobalSection
	GlobalSection(ExtensibilityGlobals) = postSolution
		SolutionGuid = {B5A02BA2-E956-459D-92F2-98C1F29C72C0}
	EndGlobalSection
EndGlobal
